// !$*UTF8*$!
{
	archiveVersion = 1;
	classes = {
	};
	objectVersion = 50;
	objects = {

/* Begin PBXBuildFile section */
		0B4AAA412695BDA300200E8D /* ItemsViewModel.swift in Sources */ = {isa = PBXBuildFile; fileRef = 0B4AAA402695BDA300200E8D /* ItemsViewModel.swift */; };
		0B4AAA432695F80400200E8D /* ItemViewModel.swift in Sources */ = {isa = PBXBuildFile; fileRef = 0B4AAA422695F80400200E8D /* ItemViewModel.swift */; };
		0B4AAA452695F83E00200E8D /* Services.swift in Sources */ = {isa = PBXBuildFile; fileRef = 0B4AAA442695F83E00200E8D /* Services.swift */; };
		0B4AAA492695F88600200E8D /* Binding.swift in Sources */ = {isa = PBXBuildFile; fileRef = 0B4AAA482695F88600200E8D /* Binding.swift */; };
		0B4AAA4F26961C5100200E8D /* DetailViewModel.swift in Sources */ = {isa = PBXBuildFile; fileRef = 0B4AAA4E26961C5100200E8D /* DetailViewModel.swift */; };
		0B5DACC8269B26AA002B41A6 /* HorizontalSelectionView.swift in Sources */ = {isa = PBXBuildFile; fileRef = 0B5DACC7269B26AA002B41A6 /* HorizontalSelectionView.swift */; };
		0B5DACCA269B2870002B41A6 /* SelectionCell.swift in Sources */ = {isa = PBXBuildFile; fileRef = 0B5DACC9269B2870002B41A6 /* SelectionCell.swift */; };
		0B5DACCC269DC1A2002B41A6 /* MoviesModel.swift in Sources */ = {isa = PBXBuildFile; fileRef = 0B5DACCB269DC1A2002B41A6 /* MoviesModel.swift */; };
		0B6AEE3D269743460071AE7C /* ErrorMessage.swift in Sources */ = {isa = PBXBuildFile; fileRef = 0B6AEE3C269743460071AE7C /* ErrorMessage.swift */; };
		0B6AEE40269862970071AE7C /* Navigator.swift in Sources */ = {isa = PBXBuildFile; fileRef = 0B6AEE3F269862970071AE7C /* Navigator.swift */; };
		0B6AEE42269880460071AE7C /* Constants.swift in Sources */ = {isa = PBXBuildFile; fileRef = 0B6AEE41269880460071AE7C /* Constants.swift */; };
		0B8559D926A5884500B0809E /* APIServiceProtocol.swift in Sources */ = {isa = PBXBuildFile; fileRef = 0B8559D826A5884500B0809E /* APIServiceProtocol.swift */; };
		0BF5073C26A9D3FB00A3755A /* HomePageViewController.swift in Sources */ = {isa = PBXBuildFile; fileRef = 0BF5073B26A9D3FB00A3755A /* HomePageViewController.swift */; };
		0BF5073E26A9D43000A3755A /* SeriesViewController.swift in Sources */ = {isa = PBXBuildFile; fileRef = 0BF5073D26A9D43000A3755A /* SeriesViewController.swift */; };
		0BF5074026A9D44F00A3755A /* BaseViewController.swift in Sources */ = {isa = PBXBuildFile; fileRef = 0BF5073F26A9D44F00A3755A /* BaseViewController.swift */; };
		0BF5074226A9D80100A3755A /* MoviesViewController.swift in Sources */ = {isa = PBXBuildFile; fileRef = 0BF5074126A9D80100A3755A /* MoviesViewController.swift */; };
		0BF5074426AAAD1400A3755A /* ItemListFactory.swift in Sources */ = {isa = PBXBuildFile; fileRef = 0BF5074326AAAD1400A3755A /* ItemListFactory.swift */; };
		751B9BB22611A252005EA5A2 /* AppDelegate.swift in Sources */ = {isa = PBXBuildFile; fileRef = 751B9BB12611A252005EA5A2 /* AppDelegate.swift */; };
		751B9BBB2611A254005EA5A2 /* Assets.xcassets in Resources */ = {isa = PBXBuildFile; fileRef = 751B9BBA2611A254005EA5A2 /* Assets.xcassets */; };
		751B9BBE2611A254005EA5A2 /* LaunchScreen.storyboard in Resources */ = {isa = PBXBuildFile; fileRef = 751B9BBC2611A254005EA5A2 /* LaunchScreen.storyboard */; };
		751B9BCE2611A2AB005EA5A2 /* SplitViewController.swift in Sources */ = {isa = PBXBuildFile; fileRef = 751B9BCB2611A2AB005EA5A2 /* SplitViewController.swift */; };
		751B9BD02611A2AB005EA5A2 /* DetailController.swift in Sources */ = {isa = PBXBuildFile; fileRef = 751B9BCD2611A2AB005EA5A2 /* DetailController.swift */; };
		751B9BD62611A2BA005EA5A2 /* APIService.swift in Sources */ = {isa = PBXBuildFile; fileRef = 751B9BD42611A2BA005EA5A2 /* APIService.swift */; };
		751B9BDC2611A2C9005EA5A2 /* DetailTableViewCell.swift in Sources */ = {isa = PBXBuildFile; fileRef = 751B9BD92611A2C9005EA5A2 /* DetailTableViewCell.swift */; };
		751B9BDD2611A2C9005EA5A2 /* MainListCell.swift in Sources */ = {isa = PBXBuildFile; fileRef = 751B9BDA2611A2C9005EA5A2 /* MainListCell.swift */; };
		751B9BDE2611A2C9005EA5A2 /* DetailCollectionViewCell.swift in Sources */ = {isa = PBXBuildFile; fileRef = 751B9BDB2611A2C9005EA5A2 /* DetailCollectionViewCell.swift */; };
		751B9BE32611A2CF005EA5A2 /* Extensions.swift in Sources */ = {isa = PBXBuildFile; fileRef = 751B9BE12611A2CF005EA5A2 /* Extensions.swift */; };
		751B9BEA2611A2DA005EA5A2 /* TVSeriesModel.swift in Sources */ = {isa = PBXBuildFile; fileRef = 751B9BE82611A2DA005EA5A2 /* TVSeriesModel.swift */; };
		751B9BFA2611A340005EA5A2 /* TVSeries_AppTests.swift in Sources */ = {isa = PBXBuildFile; fileRef = 751B9BF92611A340005EA5A2 /* TVSeries_AppTests.swift */; };
/* End PBXBuildFile section */

/* Begin PBXContainerItemProxy section */
		751B9BFC2611A340005EA5A2 /* PBXContainerItemProxy */ = {
			isa = PBXContainerItemProxy;
			containerPortal = 751B9BA62611A252005EA5A2 /* Project object */;
			proxyType = 1;
			remoteGlobalIDString = 751B9BAD2611A252005EA5A2;
			remoteInfo = "TVSeries App";
		};
/* End PBXContainerItemProxy section */

/* Begin PBXFileReference section */
		0B2DBB8526931CE60012F01A /* TVSeries App.entitlements */ = {isa = PBXFileReference; lastKnownFileType = text.plist.entitlements; path = "TVSeries App.entitlements"; sourceTree = "<group>"; };
		0B4AAA402695BDA300200E8D /* ItemsViewModel.swift */ = {isa = PBXFileReference; lastKnownFileType = sourcecode.swift; path = ItemsViewModel.swift; sourceTree = "<group>"; };
		0B4AAA422695F80400200E8D /* ItemViewModel.swift */ = {isa = PBXFileReference; lastKnownFileType = sourcecode.swift; path = ItemViewModel.swift; sourceTree = "<group>"; };
		0B4AAA442695F83E00200E8D /* Services.swift */ = {isa = PBXFileReference; lastKnownFileType = sourcecode.swift; path = Services.swift; sourceTree = "<group>"; };
		0B4AAA482695F88600200E8D /* Binding.swift */ = {isa = PBXFileReference; lastKnownFileType = sourcecode.swift; path = Binding.swift; sourceTree = "<group>"; };
		0B4AAA4E26961C5100200E8D /* DetailViewModel.swift */ = {isa = PBXFileReference; lastKnownFileType = sourcecode.swift; path = DetailViewModel.swift; sourceTree = "<group>"; };
		0B5DACC7269B26AA002B41A6 /* HorizontalSelectionView.swift */ = {isa = PBXFileReference; lastKnownFileType = sourcecode.swift; path = HorizontalSelectionView.swift; sourceTree = "<group>"; };
		0B5DACC9269B2870002B41A6 /* SelectionCell.swift */ = {isa = PBXFileReference; lastKnownFileType = sourcecode.swift; path = SelectionCell.swift; sourceTree = "<group>"; };
		0B5DACCB269DC1A2002B41A6 /* MoviesModel.swift */ = {isa = PBXFileReference; lastKnownFileType = sourcecode.swift; path = MoviesModel.swift; sourceTree = "<group>"; };
		0B6AEE3C269743460071AE7C /* ErrorMessage.swift */ = {isa = PBXFileReference; lastKnownFileType = sourcecode.swift; path = ErrorMessage.swift; sourceTree = "<group>"; };
		0B6AEE3F269862970071AE7C /* Navigator.swift */ = {isa = PBXFileReference; lastKnownFileType = sourcecode.swift; path = Navigator.swift; sourceTree = "<group>"; };
		0B6AEE41269880460071AE7C /* Constants.swift */ = {isa = PBXFileReference; lastKnownFileType = sourcecode.swift; path = Constants.swift; sourceTree = "<group>"; };
		0B8559D826A5884500B0809E /* APIServiceProtocol.swift */ = {isa = PBXFileReference; lastKnownFileType = sourcecode.swift; path = APIServiceProtocol.swift; sourceTree = "<group>"; };
		0BF5073B26A9D3FB00A3755A /* HomePageViewController.swift */ = {isa = PBXFileReference; lastKnownFileType = sourcecode.swift; path = HomePageViewController.swift; sourceTree = "<group>"; };
		0BF5073D26A9D43000A3755A /* SeriesViewController.swift */ = {isa = PBXFileReference; lastKnownFileType = sourcecode.swift; path = SeriesViewController.swift; sourceTree = "<group>"; };
		0BF5073F26A9D44F00A3755A /* BaseViewController.swift */ = {isa = PBXFileReference; lastKnownFileType = sourcecode.swift; path = BaseViewController.swift; sourceTree = "<group>"; };
		0BF5074126A9D80100A3755A /* MoviesViewController.swift */ = {isa = PBXFileReference; lastKnownFileType = sourcecode.swift; path = MoviesViewController.swift; sourceTree = "<group>"; };
		0BF5074326AAAD1400A3755A /* ItemListFactory.swift */ = {isa = PBXFileReference; lastKnownFileType = sourcecode.swift; path = ItemListFactory.swift; sourceTree = "<group>"; };
		751B9BAE2611A252005EA5A2 /* TVSeries App.app */ = {isa = PBXFileReference; explicitFileType = wrapper.application; includeInIndex = 0; path = "TVSeries App.app"; sourceTree = BUILT_PRODUCTS_DIR; };
		751B9BB12611A252005EA5A2 /* AppDelegate.swift */ = {isa = PBXFileReference; lastKnownFileType = sourcecode.swift; path = AppDelegate.swift; sourceTree = "<group>"; };
		751B9BBA2611A254005EA5A2 /* Assets.xcassets */ = {isa = PBXFileReference; lastKnownFileType = folder.assetcatalog; path = Assets.xcassets; sourceTree = "<group>"; };
		751B9BBD2611A254005EA5A2 /* Base */ = {isa = PBXFileReference; lastKnownFileType = file.storyboard; name = Base; path = Base.lproj/LaunchScreen.storyboard; sourceTree = "<group>"; };
		751B9BBF2611A254005EA5A2 /* Info.plist */ = {isa = PBXFileReference; lastKnownFileType = text.plist.xml; path = Info.plist; sourceTree = "<group>"; };
		751B9BCB2611A2AB005EA5A2 /* SplitViewController.swift */ = {isa = PBXFileReference; fileEncoding = 4; lastKnownFileType = sourcecode.swift; path = SplitViewController.swift; sourceTree = "<group>"; };
		751B9BCD2611A2AB005EA5A2 /* DetailController.swift */ = {isa = PBXFileReference; fileEncoding = 4; lastKnownFileType = sourcecode.swift; path = DetailController.swift; sourceTree = "<group>"; };
		751B9BD42611A2BA005EA5A2 /* APIService.swift */ = {isa = PBXFileReference; fileEncoding = 4; lastKnownFileType = sourcecode.swift; path = APIService.swift; sourceTree = "<group>"; };
		751B9BD92611A2C9005EA5A2 /* DetailTableViewCell.swift */ = {isa = PBXFileReference; fileEncoding = 4; lastKnownFileType = sourcecode.swift; path = DetailTableViewCell.swift; sourceTree = "<group>"; };
		751B9BDA2611A2C9005EA5A2 /* MainListCell.swift */ = {isa = PBXFileReference; fileEncoding = 4; lastKnownFileType = sourcecode.swift; path = MainListCell.swift; sourceTree = "<group>"; };
		751B9BDB2611A2C9005EA5A2 /* DetailCollectionViewCell.swift */ = {isa = PBXFileReference; fileEncoding = 4; lastKnownFileType = sourcecode.swift; path = DetailCollectionViewCell.swift; sourceTree = "<group>"; };
		751B9BE12611A2CF005EA5A2 /* Extensions.swift */ = {isa = PBXFileReference; fileEncoding = 4; lastKnownFileType = sourcecode.swift; path = Extensions.swift; sourceTree = "<group>"; };
		751B9BE82611A2DA005EA5A2 /* TVSeriesModel.swift */ = {isa = PBXFileReference; fileEncoding = 4; lastKnownFileType = sourcecode.swift; path = TVSeriesModel.swift; sourceTree = "<group>"; };
		751B9BF72611A340005EA5A2 /* TVSeries AppTests.xctest */ = {isa = PBXFileReference; explicitFileType = wrapper.cfbundle; includeInIndex = 0; path = "TVSeries AppTests.xctest"; sourceTree = BUILT_PRODUCTS_DIR; };
		751B9BF92611A340005EA5A2 /* TVSeries_AppTests.swift */ = {isa = PBXFileReference; lastKnownFileType = sourcecode.swift; path = TVSeries_AppTests.swift; sourceTree = "<group>"; };
		751B9BFB2611A340005EA5A2 /* Info.plist */ = {isa = PBXFileReference; lastKnownFileType = text.plist.xml; path = Info.plist; sourceTree = "<group>"; };
/* End PBXFileReference section */

/* Begin PBXFrameworksBuildPhase section */
		751B9BAB2611A252005EA5A2 /* Frameworks */ = {
			isa = PBXFrameworksBuildPhase;
			buildActionMask = 2147483647;
			files = (
			);
			runOnlyForDeploymentPostprocessing = 0;
		};
		751B9BF42611A340005EA5A2 /* Frameworks */ = {
			isa = PBXFrameworksBuildPhase;
			buildActionMask = 2147483647;
			files = (
			);
			runOnlyForDeploymentPostprocessing = 0;
		};
/* End PBXFrameworksBuildPhase section */

/* Begin PBXGroup section */
		0B2DBB842691C98C0012F01A /* Resources */ = {
			isa = PBXGroup;
			children = (
				751B9BBA2611A254005EA5A2 /* Assets.xcassets */,
				751B9BBF2611A254005EA5A2 /* Info.plist */,
			);
			path = Resources;
			sourceTree = "<group>";
		};
		0B4AAA3F2695BD5600200E8D /* ViewModels */ = {
			isa = PBXGroup;
			children = (
				0B4AAA422695F80400200E8D /* ItemViewModel.swift */,
			);
			path = ViewModels;
			sourceTree = "<group>";
		};
		0B4AAA472695F87B00200E8D /* Binding */ = {
			isa = PBXGroup;
			children = (
				0B4AAA482695F88600200E8D /* Binding.swift */,
			);
			path = Binding;
			sourceTree = "<group>";
		};
		0B4AAA522697183500200E8D /* ReusableViews */ = {
			isa = PBXGroup;
			children = (
				0B6AEE3C269743460071AE7C /* ErrorMessage.swift */,
				0B5DACC7269B26AA002B41A6 /* HorizontalSelectionView.swift */,
				0B5DACC9269B2870002B41A6 /* SelectionCell.swift */,
			);
			path = ReusableViews;
			sourceTree = "<group>";
		};
		0B6AEE3E269862870071AE7C /* Navigator */ = {
			isa = PBXGroup;
			children = (
				0B6AEE3F269862970071AE7C /* Navigator.swift */,
			);
			path = Navigator;
			sourceTree = "<group>";
		};
		0B8559D726A5881600B0809E /* Protocols */ = {
			isa = PBXGroup;
			children = (
				0B8559D826A5884500B0809E /* APIServiceProtocol.swift */,
			);
			path = Protocols;
			sourceTree = "<group>";
		};
		0B8559DB26A588BC00B0809E /* Modules */ = {
			isa = PBXGroup;
			children = (
				0BF5074326AAAD1400A3755A /* ItemListFactory.swift */,
				0B8559E226A58A8E00B0809E /* Detail */,
				0B8559DC26A588D300B0809E /* Home */,
			);
			path = Modules;
			sourceTree = "<group>";
		};
		0B8559DC26A588D300B0809E /* Home */ = {
			isa = PBXGroup;
			children = (
				0BD9F7F826A5A42200617669 /* Views */,
				0B8559DD26A5891800B0809E /* ViewControllers */,
				0BF5073B26A9D3FB00A3755A /* HomePageViewController.swift */,
				0BF5073D26A9D43000A3755A /* SeriesViewController.swift */,
				0BF5074126A9D80100A3755A /* MoviesViewController.swift */,
				0BF5073F26A9D44F00A3755A /* BaseViewController.swift */,
			);
			path = Home;
			sourceTree = "<group>";
		};
		0B8559DD26A5891800B0809E /* ViewControllers */ = {
			isa = PBXGroup;
			children = (
				0B8559E126A58A2D00B0809E /* ViewModels */,
			);
			path = ViewControllers;
			sourceTree = "<group>";
		};
		0B8559E126A58A2D00B0809E /* ViewModels */ = {
			isa = PBXGroup;
			children = (
				0B4AAA402695BDA300200E8D /* ItemsViewModel.swift */,
			);
			path = ViewModels;
			sourceTree = "<group>";
		};
		0B8559E226A58A8E00B0809E /* Detail */ = {
			isa = PBXGroup;
			children = (
				0BD9F7F926A5A45900617669 /* Views */,
				0B8559E326A58ACB00B0809E /* ViewModels */,
				751B9BCD2611A2AB005EA5A2 /* DetailController.swift */,
			);
			path = Detail;
			sourceTree = "<group>";
		};
		0B8559E326A58ACB00B0809E /* ViewModels */ = {
			isa = PBXGroup;
			children = (
				0B4AAA4E26961C5100200E8D /* DetailViewModel.swift */,
			);
			path = ViewModels;
			sourceTree = "<group>";
		};
		0BB113D1268E330200BDE153 /* Support */ = {
			isa = PBXGroup;
			children = (
				751B9BB12611A252005EA5A2 /* AppDelegate.swift */,
				751B9BBC2611A254005EA5A2 /* LaunchScreen.storyboard */,
			);
			path = Support;
			sourceTree = "<group>";
		};
		0BD9F7F826A5A42200617669 /* Views */ = {
			isa = PBXGroup;
			children = (
				751B9BDA2611A2C9005EA5A2 /* MainListCell.swift */,
			);
			path = Views;
			sourceTree = "<group>";
		};
		0BD9F7F926A5A45900617669 /* Views */ = {
			isa = PBXGroup;
			children = (
				751B9BD92611A2C9005EA5A2 /* DetailTableViewCell.swift */,
				751B9BDB2611A2C9005EA5A2 /* DetailCollectionViewCell.swift */,
			);
			path = Views;
			sourceTree = "<group>";
		};
		751B9BA52611A252005EA5A2 = {
			isa = PBXGroup;
			children = (
				751B9BB02611A252005EA5A2 /* TVSeries App */,
				751B9BF82611A340005EA5A2 /* TVSeries AppTests */,
				751B9BAF2611A252005EA5A2 /* Products */,
			);
			sourceTree = "<group>";
		};
		751B9BAF2611A252005EA5A2 /* Products */ = {
			isa = PBXGroup;
			children = (
				751B9BAE2611A252005EA5A2 /* TVSeries App.app */,
				751B9BF72611A340005EA5A2 /* TVSeries AppTests.xctest */,
			);
			name = Products;
			sourceTree = "<group>";
		};
		751B9BB02611A252005EA5A2 /* TVSeries App */ = {
			isa = PBXGroup;
			children = (
				0B2DBB8526931CE60012F01A /* TVSeries App.entitlements */,
				0B8559DB26A588BC00B0809E /* Modules */,
				0B6AEE3E269862870071AE7C /* Navigator */,
				0B4AAA522697183500200E8D /* ReusableViews */,
				0B4AAA472695F87B00200E8D /* Binding */,
				0B4AAA3F2695BD5600200E8D /* ViewModels */,
				0B2DBB842691C98C0012F01A /* Resources */,
				751B9BE62611A2DA005EA5A2 /* Model */,
				751B9BE02611A2CF005EA5A2 /* Extensions */,
				751B9BD22611A2BA005EA5A2 /* Service */,
				751B9BCA2611A2AB005EA5A2 /* Controllers */,
				0BB113D1268E330200BDE153 /* Support */,
			);
			path = "TVSeries App";
			sourceTree = "<group>";
		};
		751B9BCA2611A2AB005EA5A2 /* Controllers */ = {
			isa = PBXGroup;
			children = (
				751B9BCB2611A2AB005EA5A2 /* SplitViewController.swift */,
			);
			path = Controllers;
			sourceTree = "<group>";
		};
		751B9BD22611A2BA005EA5A2 /* Service */ = {
			isa = PBXGroup;
			children = (
				0B8559D726A5881600B0809E /* Protocols */,
				0B6AEE41269880460071AE7C /* Constants.swift */,
				751B9BD42611A2BA005EA5A2 /* APIService.swift */,
				0B4AAA442695F83E00200E8D /* Services.swift */,
			);
			path = Service;
			sourceTree = "<group>";
		};
		751B9BE02611A2CF005EA5A2 /* Extensions */ = {
			isa = PBXGroup;
			children = (
				751B9BE12611A2CF005EA5A2 /* Extensions.swift */,
			);
			path = Extensions;
			sourceTree = "<group>";
		};
		751B9BE62611A2DA005EA5A2 /* Model */ = {
			isa = PBXGroup;
			children = (
				751B9BE82611A2DA005EA5A2 /* TVSeriesModel.swift */,
				0B5DACCB269DC1A2002B41A6 /* MoviesModel.swift */,
			);
			path = Model;
			sourceTree = "<group>";
		};
		751B9BF82611A340005EA5A2 /* TVSeries AppTests */ = {
			isa = PBXGroup;
			children = (
				751B9BF92611A340005EA5A2 /* TVSeries_AppTests.swift */,
				751B9BFB2611A340005EA5A2 /* Info.plist */,
			);
			path = "TVSeries AppTests";
			sourceTree = "<group>";
		};
/* End PBXGroup section */

/* Begin PBXNativeTarget section */
		751B9BAD2611A252005EA5A2 /* TVSeries App */ = {
			isa = PBXNativeTarget;
			buildConfigurationList = 751B9BC22611A254005EA5A2 /* Build configuration list for PBXNativeTarget "TVSeries App" */;
			buildPhases = (
				751B9BAA2611A252005EA5A2 /* Sources */,
				751B9BAB2611A252005EA5A2 /* Frameworks */,
				751B9BAC2611A252005EA5A2 /* Resources */,
			);
			buildRules = (
			);
			dependencies = (
			);
			name = "TVSeries App";
			productName = "TVSeries App";
			productReference = 751B9BAE2611A252005EA5A2 /* TVSeries App.app */;
			productType = "com.apple.product-type.application";
		};
		751B9BF62611A340005EA5A2 /* TVSeries AppTests */ = {
			isa = PBXNativeTarget;
			buildConfigurationList = 751B9BFE2611A340005EA5A2 /* Build configuration list for PBXNativeTarget "TVSeries AppTests" */;
			buildPhases = (
				751B9BF32611A340005EA5A2 /* Sources */,
				751B9BF42611A340005EA5A2 /* Frameworks */,
				751B9BF52611A340005EA5A2 /* Resources */,
			);
			buildRules = (
			);
			dependencies = (
				751B9BFD2611A340005EA5A2 /* PBXTargetDependency */,
			);
			name = "TVSeries AppTests";
			productName = "TVSeries AppTests";
			productReference = 751B9BF72611A340005EA5A2 /* TVSeries AppTests.xctest */;
			productType = "com.apple.product-type.bundle.unit-test";
		};
/* End PBXNativeTarget section */

/* Begin PBXProject section */
		751B9BA62611A252005EA5A2 /* Project object */ = {
			isa = PBXProject;
			attributes = {
				LastSwiftUpdateCheck = 1240;
				LastUpgradeCheck = 1250;
				TargetAttributes = {
					751B9BAD2611A252005EA5A2 = {
						CreatedOnToolsVersion = 12.4;
					};
					751B9BF62611A340005EA5A2 = {
						CreatedOnToolsVersion = 12.4;
						TestTargetID = 751B9BAD2611A252005EA5A2;
					};
				};
			};
			buildConfigurationList = 751B9BA92611A252005EA5A2 /* Build configuration list for PBXProject "TVSeries App" */;
			compatibilityVersion = "Xcode 9.3";
			developmentRegion = en;
			hasScannedForEncodings = 0;
			knownRegions = (
				en,
				Base,
			);
			mainGroup = 751B9BA52611A252005EA5A2;
			productRefGroup = 751B9BAF2611A252005EA5A2 /* Products */;
			projectDirPath = "";
			projectRoot = "";
			targets = (
				751B9BAD2611A252005EA5A2 /* TVSeries App */,
				751B9BF62611A340005EA5A2 /* TVSeries AppTests */,
			);
		};
/* End PBXProject section */

/* Begin PBXResourcesBuildPhase section */
		751B9BAC2611A252005EA5A2 /* Resources */ = {
			isa = PBXResourcesBuildPhase;
			buildActionMask = 2147483647;
			files = (
				751B9BBE2611A254005EA5A2 /* LaunchScreen.storyboard in Resources */,
				751B9BBB2611A254005EA5A2 /* Assets.xcassets in Resources */,
			);
			runOnlyForDeploymentPostprocessing = 0;
		};
		751B9BF52611A340005EA5A2 /* Resources */ = {
			isa = PBXResourcesBuildPhase;
			buildActionMask = 2147483647;
			files = (
			);
			runOnlyForDeploymentPostprocessing = 0;
		};
/* End PBXResourcesBuildPhase section */

/* Begin PBXSourcesBuildPhase section */
		751B9BAA2611A252005EA5A2 /* Sources */ = {
			isa = PBXSourcesBuildPhase;
			buildActionMask = 2147483647;
			files = (
				0B4AAA432695F80400200E8D /* ItemViewModel.swift in Sources */,
				0B6AEE40269862970071AE7C /* Navigator.swift in Sources */,
				751B9BB22611A252005EA5A2 /* AppDelegate.swift in Sources */,
				0BF5073E26A9D43000A3755A /* SeriesViewController.swift in Sources */,
				0BF5074026A9D44F00A3755A /* BaseViewController.swift in Sources */,
				751B9BCE2611A2AB005EA5A2 /* SplitViewController.swift in Sources */,
				0BF5074226A9D80100A3755A /* MoviesViewController.swift in Sources */,
				751B9BDD2611A2C9005EA5A2 /* MainListCell.swift in Sources */,
				0B4AAA492695F88600200E8D /* Binding.swift in Sources */,
				751B9BDC2611A2C9005EA5A2 /* DetailTableViewCell.swift in Sources */,
				751B9BEA2611A2DA005EA5A2 /* TVSeriesModel.swift in Sources */,
				0B5DACC8269B26AA002B41A6 /* HorizontalSelectionView.swift in Sources */,
				0BF5074426AAAD1400A3755A /* ItemListFactory.swift in Sources */,
				751B9BE32611A2CF005EA5A2 /* Extensions.swift in Sources */,
				0B6AEE42269880460071AE7C /* Constants.swift in Sources */,
				0B4AAA452695F83E00200E8D /* Services.swift in Sources */,
				751B9BD02611A2AB005EA5A2 /* DetailController.swift in Sources */,
				0B8559D926A5884500B0809E /* APIServiceProtocol.swift in Sources */,
				751B9BD62611A2BA005EA5A2 /* APIService.swift in Sources */,
				0B4AAA4F26961C5100200E8D /* DetailViewModel.swift in Sources */,
				0B4AAA412695BDA300200E8D /* ItemsViewModel.swift in Sources */,
				0B6AEE3D269743460071AE7C /* ErrorMessage.swift in Sources */,
				0B5DACCC269DC1A2002B41A6 /* MoviesModel.swift in Sources */,
				0B5DACCA269B2870002B41A6 /* SelectionCell.swift in Sources */,
				0BF5073C26A9D3FB00A3755A /* HomePageViewController.swift in Sources */,
				751B9BDE2611A2C9005EA5A2 /* DetailCollectionViewCell.swift in Sources */,
			);
			runOnlyForDeploymentPostprocessing = 0;
		};
		751B9BF32611A340005EA5A2 /* Sources */ = {
			isa = PBXSourcesBuildPhase;
			buildActionMask = 2147483647;
			files = (
				751B9BFA2611A340005EA5A2 /* TVSeries_AppTests.swift in Sources */,
			);
			runOnlyForDeploymentPostprocessing = 0;
		};
/* End PBXSourcesBuildPhase section */

/* Begin PBXTargetDependency section */
		751B9BFD2611A340005EA5A2 /* PBXTargetDependency */ = {
			isa = PBXTargetDependency;
			target = 751B9BAD2611A252005EA5A2 /* TVSeries App */;
			targetProxy = 751B9BFC2611A340005EA5A2 /* PBXContainerItemProxy */;
		};
/* End PBXTargetDependency section */

/* Begin PBXVariantGroup section */
		751B9BBC2611A254005EA5A2 /* LaunchScreen.storyboard */ = {
			isa = PBXVariantGroup;
			children = (
				751B9BBD2611A254005EA5A2 /* Base */,
			);
			name = LaunchScreen.storyboard;
			sourceTree = "<group>";
		};
/* End PBXVariantGroup section */

/* Begin XCBuildConfiguration section */
		751B9BC02611A254005EA5A2 /* Debug */ = {
			isa = XCBuildConfiguration;
			buildSettings = {
				ALWAYS_SEARCH_USER_PATHS = NO;
				CLANG_ANALYZER_NONNULL = YES;
				CLANG_ANALYZER_NUMBER_OBJECT_CONVERSION = YES_AGGRESSIVE;
				CLANG_CXX_LANGUAGE_STANDARD = "gnu++14";
				CLANG_CXX_LIBRARY = "libc++";
				CLANG_ENABLE_MODULES = YES;
				CLANG_ENABLE_OBJC_ARC = YES;
				CLANG_ENABLE_OBJC_WEAK = YES;
				CLANG_WARN_BLOCK_CAPTURE_AUTORELEASING = YES;
				CLANG_WARN_BOOL_CONVERSION = YES;
				CLANG_WARN_COMMA = YES;
				CLANG_WARN_CONSTANT_CONVERSION = YES;
				CLANG_WARN_DEPRECATED_OBJC_IMPLEMENTATIONS = YES;
				CLANG_WARN_DIRECT_OBJC_ISA_USAGE = YES_ERROR;
				CLANG_WARN_DOCUMENTATION_COMMENTS = YES;
				CLANG_WARN_EMPTY_BODY = YES;
				CLANG_WARN_ENUM_CONVERSION = YES;
				CLANG_WARN_INFINITE_RECURSION = YES;
				CLANG_WARN_INT_CONVERSION = YES;
				CLANG_WARN_NON_LITERAL_NULL_CONVERSION = YES;
				CLANG_WARN_OBJC_IMPLICIT_RETAIN_SELF = YES;
				CLANG_WARN_OBJC_LITERAL_CONVERSION = YES;
				CLANG_WARN_OBJC_ROOT_CLASS = YES_ERROR;
				CLANG_WARN_QUOTED_INCLUDE_IN_FRAMEWORK_HEADER = YES;
				CLANG_WARN_RANGE_LOOP_ANALYSIS = YES;
				CLANG_WARN_STRICT_PROTOTYPES = YES;
				CLANG_WARN_SUSPICIOUS_MOVE = YES;
				CLANG_WARN_UNGUARDED_AVAILABILITY = YES_AGGRESSIVE;
				CLANG_WARN_UNREACHABLE_CODE = YES;
				CLANG_WARN__DUPLICATE_METHOD_MATCH = YES;
				COPY_PHASE_STRIP = NO;
				DEBUG_INFORMATION_FORMAT = dwarf;
				ENABLE_STRICT_OBJC_MSGSEND = YES;
				ENABLE_TESTABILITY = YES;
				GCC_C_LANGUAGE_STANDARD = gnu11;
				GCC_DYNAMIC_NO_PIC = NO;
				GCC_NO_COMMON_BLOCKS = YES;
				GCC_OPTIMIZATION_LEVEL = 0;
				GCC_PREPROCESSOR_DEFINITIONS = (
					"DEBUG=1",
					"$(inherited)",
				);
				GCC_WARN_64_TO_32_BIT_CONVERSION = YES;
				GCC_WARN_ABOUT_RETURN_TYPE = YES_ERROR;
				GCC_WARN_UNDECLARED_SELECTOR = YES;
				GCC_WARN_UNINITIALIZED_AUTOS = YES_AGGRESSIVE;
				GCC_WARN_UNUSED_FUNCTION = YES;
				GCC_WARN_UNUSED_VARIABLE = YES;
				INFOPLIST_FILE = "";
				IPHONEOS_DEPLOYMENT_TARGET = 13.0;
				MTL_ENABLE_DEBUG_INFO = INCLUDE_SOURCE;
				MTL_FAST_MATH = YES;
				ONLY_ACTIVE_ARCH = YES;
				SDKROOT = iphoneos;
				SWIFT_ACTIVE_COMPILATION_CONDITIONS = DEBUG;
				SWIFT_OPTIMIZATION_LEVEL = "-Onone";
			};
			name = Debug;
		};
		751B9BC12611A254005EA5A2 /* Release */ = {
			isa = XCBuildConfiguration;
			buildSettings = {
				ALWAYS_SEARCH_USER_PATHS = NO;
				CLANG_ANALYZER_NONNULL = YES;
				CLANG_ANALYZER_NUMBER_OBJECT_CONVERSION = YES_AGGRESSIVE;
				CLANG_CXX_LANGUAGE_STANDARD = "gnu++14";
				CLANG_CXX_LIBRARY = "libc++";
				CLANG_ENABLE_MODULES = YES;
				CLANG_ENABLE_OBJC_ARC = YES;
				CLANG_ENABLE_OBJC_WEAK = YES;
				CLANG_WARN_BLOCK_CAPTURE_AUTORELEASING = YES;
				CLANG_WARN_BOOL_CONVERSION = YES;
				CLANG_WARN_COMMA = YES;
				CLANG_WARN_CONSTANT_CONVERSION = YES;
				CLANG_WARN_DEPRECATED_OBJC_IMPLEMENTATIONS = YES;
				CLANG_WARN_DIRECT_OBJC_ISA_USAGE = YES_ERROR;
				CLANG_WARN_DOCUMENTATION_COMMENTS = YES;
				CLANG_WARN_EMPTY_BODY = YES;
				CLANG_WARN_ENUM_CONVERSION = YES;
				CLANG_WARN_INFINITE_RECURSION = YES;
				CLANG_WARN_INT_CONVERSION = YES;
				CLANG_WARN_NON_LITERAL_NULL_CONVERSION = YES;
				CLANG_WARN_OBJC_IMPLICIT_RETAIN_SELF = YES;
				CLANG_WARN_OBJC_LITERAL_CONVERSION = YES;
				CLANG_WARN_OBJC_ROOT_CLASS = YES_ERROR;
				CLANG_WARN_QUOTED_INCLUDE_IN_FRAMEWORK_HEADER = YES;
				CLANG_WARN_RANGE_LOOP_ANALYSIS = YES;
				CLANG_WARN_STRICT_PROTOTYPES = YES;
				CLANG_WARN_SUSPICIOUS_MOVE = YES;
				CLANG_WARN_UNGUARDED_AVAILABILITY = YES_AGGRESSIVE;
				CLANG_WARN_UNREACHABLE_CODE = YES;
				CLANG_WARN__DUPLICATE_METHOD_MATCH = YES;
				COPY_PHASE_STRIP = NO;
				DEBUG_INFORMATION_FORMAT = "dwarf-with-dsym";
				ENABLE_NS_ASSERTIONS = NO;
				ENABLE_STRICT_OBJC_MSGSEND = YES;
				GCC_C_LANGUAGE_STANDARD = gnu11;
				GCC_NO_COMMON_BLOCKS = YES;
				GCC_WARN_64_TO_32_BIT_CONVERSION = YES;
				GCC_WARN_ABOUT_RETURN_TYPE = YES_ERROR;
				GCC_WARN_UNDECLARED_SELECTOR = YES;
				GCC_WARN_UNINITIALIZED_AUTOS = YES_AGGRESSIVE;
				GCC_WARN_UNUSED_FUNCTION = YES;
				GCC_WARN_UNUSED_VARIABLE = YES;
				INFOPLIST_FILE = "";
				IPHONEOS_DEPLOYMENT_TARGET = 13.0;
				MTL_ENABLE_DEBUG_INFO = NO;
				MTL_FAST_MATH = YES;
				SDKROOT = iphoneos;
				SWIFT_COMPILATION_MODE = wholemodule;
				SWIFT_OPTIMIZATION_LEVEL = "-O";
				VALIDATE_PRODUCT = YES;
			};
			name = Release;
		};
		751B9BC32611A254005EA5A2 /* Debug */ = {
			isa = XCBuildConfiguration;
			buildSettings = {
				ASSETCATALOG_COMPILER_APPICON_NAME = AppIcon;
				ASSETCATALOG_COMPILER_GLOBAL_ACCENT_COLOR_NAME = AccentColor;
				CODE_SIGN_ENTITLEMENTS = "TVSeries App/TVSeries App.entitlements";
				CODE_SIGN_IDENTITY = "Apple Development";
				"CODE_SIGN_IDENTITY[sdk=macosx*]" = "Apple Development";
				CODE_SIGN_STYLE = Automatic;
				DEVELOPMENT_TEAM = 23RN8Y5H26;
				INFOPLIST_FILE = "TVSeries App/Resources/Info.plist";
				IPHONEOS_DEPLOYMENT_TARGET = 13.0;
				LD_RUNPATH_SEARCH_PATHS = (
					"$(inherited)",
					"@executable_path/Frameworks",
				);
				PRODUCT_BUNDLE_IDENTIFIER = "davdevboo.TVSeries-App";
				PRODUCT_NAME = "$(TARGET_NAME)";
				PROVISIONING_PROFILE_SPECIFIER = "";
				"PROVISIONING_PROFILE_SPECIFIER[sdk=macosx*]" = "";
				SUPPORTS_MACCATALYST = NO;
				SWIFT_VERSION = 5.0;
				TARGETED_DEVICE_FAMILY = "1,2";
			};
			name = Debug;
		};
		751B9BC42611A254005EA5A2 /* Release */ = {
			isa = XCBuildConfiguration;
			buildSettings = {
				ASSETCATALOG_COMPILER_APPICON_NAME = AppIcon;
				ASSETCATALOG_COMPILER_GLOBAL_ACCENT_COLOR_NAME = AccentColor;
				CODE_SIGN_ENTITLEMENTS = "TVSeries App/TVSeries App.entitlements";
				CODE_SIGN_IDENTITY = "Apple Development";
				"CODE_SIGN_IDENTITY[sdk=macosx*]" = "Apple Development";
				CODE_SIGN_STYLE = Automatic;
				DEVELOPMENT_TEAM = 23RN8Y5H26;
				INFOPLIST_FILE = "TVSeries App/Resources/Info.plist";
				IPHONEOS_DEPLOYMENT_TARGET = 13.0;
				LD_RUNPATH_SEARCH_PATHS = (
					"$(inherited)",
					"@executable_path/Frameworks",
				);
				PRODUCT_BUNDLE_IDENTIFIER = "davdevboo.TVSeries-App";
				PRODUCT_NAME = "$(TARGET_NAME)";
				PROVISIONING_PROFILE_SPECIFIER = "";
				"PROVISIONING_PROFILE_SPECIFIER[sdk=macosx*]" = "";
				SUPPORTS_MACCATALYST = NO;
				SWIFT_VERSION = 5.0;
				TARGETED_DEVICE_FAMILY = "1,2";
			};
			name = Release;
		};
		751B9BFF2611A340005EA5A2 /* Debug */ = {
			isa = XCBuildConfiguration;
			buildSettings = {
				BUNDLE_LOADER = "$(TEST_HOST)";
				CODE_SIGN_STYLE = Automatic;
				DEVELOPMENT_TEAM = U94JQYM8K6;
				INFOPLIST_FILE = "TVSeries AppTests/Info.plist";
				LD_RUNPATH_SEARCH_PATHS = (
					"$(inherited)",
					"@executable_path/Frameworks",
					"@loader_path/Frameworks",
				);
				PRODUCT_BUNDLE_IDENTIFIER = "davdevboo.TVSeries-AppTests";
				PRODUCT_NAME = "$(TARGET_NAME)";
				SWIFT_VERSION = 5.0;
				TARGETED_DEVICE_FAMILY = "1,2";
				TEST_HOST = "$(BUILT_PRODUCTS_DIR)/TVSeries App.app/TVSeries App";
			};
			name = Debug;
		};
		751B9C002611A340005EA5A2 /* Release */ = {
			isa = XCBuildConfiguration;
			buildSettings = {
				BUNDLE_LOADER = "$(TEST_HOST)";
				CODE_SIGN_STYLE = Automatic;
				DEVELOPMENT_TEAM = U94JQYM8K6;
				INFOPLIST_FILE = "TVSeries AppTests/Info.plist";
				LD_RUNPATH_SEARCH_PATHS = (
					"$(inherited)",
					"@executable_path/Frameworks",
					"@loader_path/Frameworks",
				);
				PRODUCT_BUNDLE_IDENTIFIER = "davdevboo.TVSeries-AppTests";
				PRODUCT_NAME = "$(TARGET_NAME)";
				SWIFT_VERSION = 5.0;
				TARGETED_DEVICE_FAMILY = "1,2";
				TEST_HOST = "$(BUILT_PRODUCTS_DIR)/TVSeries App.app/TVSeries App";
			};
			name = Release;
		};
/* End XCBuildConfiguration section */

/* Begin XCConfigurationList section */
		751B9BA92611A252005EA5A2 /* Build configuration list for PBXProject "TVSeries App" */ = {
			isa = XCConfigurationList;
			buildConfigurations = (
				751B9BC02611A254005EA5A2 /* Debug */,
				751B9BC12611A254005EA5A2 /* Release */,
			);
			defaultConfigurationIsVisible = 0;
			defaultConfigurationName = Release;
		};
		751B9BC22611A254005EA5A2 /* Build configuration list for PBXNativeTarget "TVSeries App" */ = {
			isa = XCConfigurationList;
			buildConfigurations = (
				751B9BC32611A254005EA5A2 /* Debug */,
				751B9BC42611A254005EA5A2 /* Release */,
			);
			defaultConfigurationIsVisible = 0;
			defaultConfigurationName = Release;
		};
		751B9BFE2611A340005EA5A2 /* Build configuration list for PBXNativeTarget "TVSeries AppTests" */ = {
			isa = XCConfigurationList;
			buildConfigurations = (
				751B9BFF2611A340005EA5A2 /* Debug */,
				751B9C002611A340005EA5A2 /* Release */,
			);
			defaultConfigurationIsVisible = 0;
			defaultConfigurationName = Release;
		};
/* End XCConfigurationList section */
	};
	rootObject = 751B9BA62611A252005EA5A2 /* Project object */;
}
